
Microsoft Visual Studio Solution File, Format Version 12.00
# Visual Studio Version 17
VisualStudioVersion = 17.6.33723.286
MinimumVisualStudioVersion = 10.0.40219.1
Project("{FAE04EC0-301F-11D3-BF4B-00C04F79EFBC}") = "tft-cosmetics-manager", "tft-cosmetics-manager.csproj", "{062420CF-C603-4DFA-AEC3-E7EFB9C4C3AD}"
EndProject
Global
	GlobalSection(SolutionConfigurationPlatforms) = preSolution
		Debug|Any CPU = Debug|Any CPU
		Release|Any CPU = Release|Any CPU
	EndGlobalSection
	GlobalSection(ProjectConfigurationPlatforms) = postSolution
		{062420CF-C603-4DFA-AEC3-E7EFB9C4C3AD}.Debug|Any CPU.ActiveCfg = Debug|Any CPU
		{062420CF-C603-4DFA-AEC3-E7EFB9C4C3AD}.Debug|Any CPU.Build.0 = Debug|Any CPU
		{062420CF-C603-4DFA-AEC3-E7EFB9C4C3AD}.Release|Any CPU.ActiveCfg = Release|Any CPU
		{062420CF-C603-4DFA-AEC3-E7EFB9C4C3AD}.Release|Any CPU.Build.0 = Release|Any CPU
	EndGlobalSection
	GlobalSection(SolutionProperties) = preSolution
		HideSolutionNode = FALSE
	EndGlobalSection
	GlobalSection(ExtensibilityGlobals) = postSolution
		SolutionGuid = {E8EF5E3E-CE61-4ED3-9353-6C8CECFA2778}
	EndGlobalSection
EndGlobal
